// !$*UTF8*$!
{
	archiveVersion = 1;
	classes = {
	};
	objectVersion = 55;
	objects = {

/* Begin PBXBuildFile section */
		3181ECC628BDE9C000CBA69C /* AppDelegate.swift in Sources */ = {isa = PBXBuildFile; fileRef = 3181ECC528BDE9C000CBA69C /* AppDelegate.swift */; };
		3181ECC828BDE9C000CBA69C /* SceneDelegate.swift in Sources */ = {isa = PBXBuildFile; fileRef = 3181ECC728BDE9C000CBA69C /* SceneDelegate.swift */; };
		3181ECCD28BDE9C000CBA69C /* Main.storyboard in Resources */ = {isa = PBXBuildFile; fileRef = 3181ECCB28BDE9C000CBA69C /* Main.storyboard */; };
		3181ECD028BDE9C000CBA69C /* OnboardingScreen.xcdatamodeld in Sources */ = {isa = PBXBuildFile; fileRef = 3181ECCE28BDE9C000CBA69C /* OnboardingScreen.xcdatamodeld */; };
		3181ECD228BDE9C400CBA69C /* Assets.xcassets in Resources */ = {isa = PBXBuildFile; fileRef = 3181ECD128BDE9C400CBA69C /* Assets.xcassets */; };
		3181ECD528BDE9C400CBA69C /* LaunchScreen.storyboard in Resources */ = {isa = PBXBuildFile; fileRef = 3181ECD328BDE9C400CBA69C /* LaunchScreen.storyboard */; };
		3181ECE128BDEAD000CBA69C /* OnBoardingViewController.swift in Sources */ = {isa = PBXBuildFile; fileRef = 3181ECE028BDEAD000CBA69C /* OnBoardingViewController.swift */; };
		3181ECE428BDEF3600CBA69C /* UiViews+extensions.swift in Sources */ = {isa = PBXBuildFile; fileRef = 3181ECE328BDEF3600CBA69C /* UiViews+extensions.swift */; };
		3181ECE628BDF08E00CBA69C /* OnBoardingSlides.swift in Sources */ = {isa = PBXBuildFile; fileRef = 3181ECE528BDF08E00CBA69C /* OnBoardingSlides.swift */; };
		3181ECE828BDF59D00CBA69C /* OnBoardingCollectionViewCell.swift in Sources */ = {isa = PBXBuildFile; fileRef = 3181ECE728BDF59D00CBA69C /* OnBoardingCollectionViewCell.swift */; };
/* End PBXBuildFile section */

/* Begin PBXFileReference section */
		3181ECC228BDE9C000CBA69C /* OnboardingScreen.app */ = {isa = PBXFileReference; explicitFileType = wrapper.application; includeInIndex = 0; path = OnboardingScreen.app; sourceTree = BUILT_PRODUCTS_DIR; };
		3181ECC528BDE9C000CBA69C /* AppDelegate.swift */ = {isa = PBXFileReference; lastKnownFileType = sourcecode.swift; path = AppDelegate.swift; sourceTree = "<group>"; };
		3181ECC728BDE9C000CBA69C /* SceneDelegate.swift */ = {isa = PBXFileReference; lastKnownFileType = sourcecode.swift; path = SceneDelegate.swift; sourceTree = "<group>"; };
		3181ECCC28BDE9C000CBA69C /* Base */ = {isa = PBXFileReference; lastKnownFileType = file.storyboard; name = Base; path = Base.lproj/Main.storyboard; sourceTree = "<group>"; };
		3181ECCF28BDE9C000CBA69C /* OnboardingScreen.xcdatamodel */ = {isa = PBXFileReference; lastKnownFileType = wrapper.xcdatamodel; path = OnboardingScreen.xcdatamodel; sourceTree = "<group>"; };
		3181ECD128BDE9C400CBA69C /* Assets.xcassets */ = {isa = PBXFileReference; lastKnownFileType = folder.assetcatalog; path = Assets.xcassets; sourceTree = "<group>"; };
		3181ECD428BDE9C400CBA69C /* Base */ = {isa = PBXFileReference; lastKnownFileType = file.storyboard; name = Base; path = Base.lproj/LaunchScreen.storyboard; sourceTree = "<group>"; };
		3181ECD628BDE9C400CBA69C /* Info.plist */ = {isa = PBXFileReference; lastKnownFileType = text.plist.xml; path = Info.plist; sourceTree = "<group>"; };
		3181ECE028BDEAD000CBA69C /* OnBoardingViewController.swift */ = {isa = PBXFileReference; lastKnownFileType = sourcecode.swift; path = OnBoardingViewController.swift; sourceTree = "<group>"; };
		3181ECE328BDEF3600CBA69C /* UiViews+extensions.swift */ = {isa = PBXFileReference; lastKnownFileType = sourcecode.swift; path = "UiViews+extensions.swift"; sourceTree = "<group>"; };
		3181ECE528BDF08E00CBA69C /* OnBoardingSlides.swift */ = {isa = PBXFileReference; lastKnownFileType = sourcecode.swift; path = OnBoardingSlides.swift; sourceTree = "<group>"; };
		3181ECE728BDF59D00CBA69C /* OnBoardingCollectionViewCell.swift */ = {isa = PBXFileReference; lastKnownFileType = sourcecode.swift; path = OnBoardingCollectionViewCell.swift; sourceTree = "<group>"; };
/* End PBXFileReference section */

/* Begin PBXFrameworksBuildPhase section */
		3181ECBF28BDE9C000CBA69C /* Frameworks */ = {
			isa = PBXFrameworksBuildPhase;
			buildActionMask = 2147483647;
			files = (
			);
			runOnlyForDeploymentPostprocessing = 0;
		};
/* End PBXFrameworksBuildPhase section */

/* Begin PBXGroup section */
		3181ECB928BDE9C000CBA69C = {
			isa = PBXGroup;
			children = (
				3181ECE228BDEF1000CBA69C /* UIViewsExtensions */,
				3181ECDE28BDEA4A00CBA69C /* CustomViews */,
				3181ECDD28BDEA2700CBA69C /* Views */,
				3181ECDC28BDE9FA00CBA69C /* Model */,
				3181ECC428BDE9C000CBA69C /* OnboardingScreen */,
				3181ECC328BDE9C000CBA69C /* Products */,
			);
			sourceTree = "<group>";
		};
		3181ECC328BDE9C000CBA69C /* Products */ = {
			isa = PBXGroup;
			children = (
				3181ECC228BDE9C000CBA69C /* OnboardingScreen.app */,
			);
			name = Products;
			sourceTree = "<group>";
		};
		3181ECC428BDE9C000CBA69C /* OnboardingScreen */ = {
			isa = PBXGroup;
			children = (
				3181ECC528BDE9C000CBA69C /* AppDelegate.swift */,
				3181ECC728BDE9C000CBA69C /* SceneDelegate.swift */,
				3181ECCB28BDE9C000CBA69C /* Main.storyboard */,
				3181ECD128BDE9C400CBA69C /* Assets.xcassets */,
				3181ECD328BDE9C400CBA69C /* LaunchScreen.storyboard */,
				3181ECD628BDE9C400CBA69C /* Info.plist */,
				3181ECCE28BDE9C000CBA69C /* OnboardingScreen.xcdatamodeld */,
			);
			path = OnboardingScreen;
			sourceTree = "<group>";
		};
		3181ECDC28BDE9FA00CBA69C /* Model */ = {
			isa = PBXGroup;
			children = (
				3181ECE528BDF08E00CBA69C /* OnBoardingSlides.swift */,
			);
			path = Model;
			sourceTree = "<group>";
		};
		3181ECDD28BDEA2700CBA69C /* Views */ = {
			isa = PBXGroup;
			children = (
				3181ECDF28BDEA8700CBA69C /* OnBoarding */,
			);
			path = Views;
			sourceTree = "<group>";
		};
		3181ECDE28BDEA4A00CBA69C /* CustomViews */ = {
			isa = PBXGroup;
			children = (
			);
			path = CustomViews;
			sourceTree = "<group>";
		};
		3181ECDF28BDEA8700CBA69C /* OnBoarding */ = {
			isa = PBXGroup;
			children = (
				3181ECE028BDEAD000CBA69C /* OnBoardingViewController.swift */,
				3181ECE728BDF59D00CBA69C /* OnBoardingCollectionViewCell.swift */,
			);
			path = OnBoarding;
			sourceTree = "<group>";
		};
		3181ECE228BDEF1000CBA69C /* UIViewsExtensions */ = {
			isa = PBXGroup;
			children = (
				3181ECE328BDEF3600CBA69C /* UiViews+extensions.swift */,
			);
			path = UIViewsExtensions;
			sourceTree = "<group>";
		};
/* End PBXGroup section */

/* Begin PBXNativeTarget section */
		3181ECC128BDE9C000CBA69C /* OnboardingScreen */ = {
			isa = PBXNativeTarget;
			buildConfigurationList = 3181ECD928BDE9C400CBA69C /* Build configuration list for PBXNativeTarget "OnboardingScreen" */;
			buildPhases = (
				3181ECBE28BDE9C000CBA69C /* Sources */,
				3181ECBF28BDE9C000CBA69C /* Frameworks */,
				3181ECC028BDE9C000CBA69C /* Resources */,
			);
			buildRules = (
			);
			dependencies = (
			);
			name = OnboardingScreen;
			productName = OnboardingScreen;
			productReference = 3181ECC228BDE9C000CBA69C /* OnboardingScreen.app */;
			productType = "com.apple.product-type.application";
		};
/* End PBXNativeTarget section */

/* Begin PBXProject section */
		3181ECBA28BDE9C000CBA69C /* Project object */ = {
			isa = PBXProject;
			attributes = {
				BuildIndependentTargetsInParallel = 1;
				LastSwiftUpdateCheck = 1340;
				LastUpgradeCheck = 1340;
				TargetAttributes = {
					3181ECC128BDE9C000CBA69C = {
						CreatedOnToolsVersion = 13.4.1;
					};
				};
			};
			buildConfigurationList = 3181ECBD28BDE9C000CBA69C /* Build configuration list for PBXProject "OnboardingScreen" */;
			compatibilityVersion = "Xcode 13.0";
			developmentRegion = en;
			hasScannedForEncodings = 0;
			knownRegions = (
				en,
				Base,
			);
			mainGroup = 3181ECB928BDE9C000CBA69C;
			productRefGroup = 3181ECC328BDE9C000CBA69C /* Products */;
			projectDirPath = "";
			projectRoot = "";
			targets = (
				3181ECC128BDE9C000CBA69C /* OnboardingScreen */,
			);
		};
/* End PBXProject section */

/* Begin PBXResourcesBuildPhase section */
		3181ECC028BDE9C000CBA69C /* Resources */ = {
			isa = PBXResourcesBuildPhase;
			buildActionMask = 2147483647;
			files = (
				3181ECD528BDE9C400CBA69C /* LaunchScreen.storyboard in Resources */,
				3181ECD228BDE9C400CBA69C /* Assets.xcassets in Resources */,
				3181ECCD28BDE9C000CBA69C /* Main.storyboard in Resources */,
			);
			runOnlyForDeploymentPostprocessing = 0;
		};
/* End PBXResourcesBuildPhase section */

/* Begin PBXSourcesBuildPhase section */
		3181ECBE28BDE9C000CBA69C /* Sources */ = {
			isa = PBXSourcesBuildPhase;
			buildActionMask = 2147483647;
			files = (
				3181ECE828BDF59D00CBA69C /* OnBoardingCollectionViewCell.swift in Sources */,
				3181ECD028BDE9C000CBA69C /* OnboardingScreen.xcdatamodeld in Sources */,
				3181ECC628BDE9C000CBA69C /* AppDelegate.swift in Sources */,
				3181ECC828BDE9C000CBA69C /* SceneDelegate.swift in Sources */,
				3181ECE428BDEF3600CBA69C /* UiViews+extensions.swift in Sources */,
				3181ECE628BDF08E00CBA69C /* OnBoardingSlides.swift in Sources */,
				3181ECE128BDEAD000CBA69C /* OnBoardingViewController.swift in Sources */,
			);
			runOnlyForDeploymentPostprocessing = 0;
		};
/* End PBXSourcesBuildPhase section */

/* Begin PBXVariantGroup section */
		3181ECCB28BDE9C000CBA69C /* Main.storyboard */ = {
			isa = PBXVariantGroup;
			children = (
				3181ECCC28BDE9C000CBA69C /* Base */,
			);
			name = Main.storyboard;
			sourceTree = "<group>";
		};
		3181ECD328BDE9C400CBA69C /* LaunchScreen.storyboard */ = {
			isa = PBXVariantGroup;
			children = (
				3181ECD428BDE9C400CBA69C /* Base */,
			);
			name = LaunchScreen.storyboard;
			sourceTree = "<group>";
		};
/* End PBXVariantGroup section */

/* Begin XCBuildConfiguration section */
		3181ECD728BDE9C400CBA69C /* Debug */ = {
			isa = XCBuildConfiguration;
			buildSettings = {
				ALWAYS_SEARCH_USER_PATHS = NO;
				CLANG_ANALYZER_NONNULL = YES;
				CLANG_ANALYZER_NUMBER_OBJECT_CONVERSION = YES_AGGRESSIVE;
				CLANG_CXX_LANGUAGE_STANDARD = "gnu++17";
				CLANG_ENABLE_MODULES = YES;
				CLANG_ENABLE_OBJC_ARC = YES;
				CLANG_ENABLE_OBJC_WEAK = YES;
				CLANG_WARN_BLOCK_CAPTURE_AUTORELEASING = YES;
				CLANG_WARN_BOOL_CONVERSION = YES;
				CLANG_WARN_COMMA = YES;
				CLANG_WARN_CONSTANT_CONVERSION = YES;
				CLANG_WARN_DEPRECATED_OBJC_IMPLEMENTATIONS = YES;
				CLANG_WARN_DIRECT_OBJC_ISA_USAGE = YES_ERROR;
				CLANG_WARN_DOCUMENTATION_COMMENTS = YES;
				CLANG_WARN_EMPTY_BODY = YES;
				CLANG_WARN_ENUM_CONVERSION = YES;
				CLANG_WARN_INFINITE_RECURSION = YES;
				CLANG_WARN_INT_CONVERSION = YES;
				CLANG_WARN_NON_LITERAL_NULL_CONVERSION = YES;
				CLANG_WARN_OBJC_IMPLICIT_RETAIN_SELF = YES;
				CLANG_WARN_OBJC_LITERAL_CONVERSION = YES;
				CLANG_WARN_OBJC_ROOT_CLASS = YES_ERROR;
				CLANG_WARN_QUOTED_INCLUDE_IN_FRAMEWORK_HEADER = YES;
				CLANG_WARN_RANGE_LOOP_ANALYSIS = YES;
				CLANG_WARN_STRICT_PROTOTYPES = YES;
				CLANG_WARN_SUSPICIOUS_MOVE = YES;
				CLANG_WARN_UNGUARDED_AVAILABILITY = YES_AGGRESSIVE;
				CLANG_WARN_UNREACHABLE_CODE = YES;
				CLANG_WARN__DUPLICATE_METHOD_MATCH = YES;
				COPY_PHASE_STRIP = NO;
				DEBUG_INFORMATION_FORMAT = dwarf;
				ENABLE_STRICT_OBJC_MSGSEND = YES;
				ENABLE_TESTABILITY = YES;
				GCC_C_LANGUAGE_STANDARD = gnu11;
				GCC_DYNAMIC_NO_PIC = NO;
				GCC_NO_COMMON_BLOCKS = YES;
				GCC_OPTIMIZATION_LEVEL = 0;
				GCC_PREPROCESSOR_DEFINITIONS = (
					"DEBUG=1",
					"$(inherited)",
				);
				GCC_WARN_64_TO_32_BIT_CONVERSION = YES;
				GCC_WARN_ABOUT_RETURN_TYPE = YES_ERROR;
				GCC_WARN_UNDECLARED_SELECTOR = YES;
				GCC_WARN_UNINITIALIZED_AUTOS = YES_AGGRESSIVE;
				GCC_WARN_UNUSED_FUNCTION = YES;
				GCC_WARN_UNUSED_VARIABLE = YES;
				IPHONEOS_DEPLOYMENT_TARGET = 15.5;
				MTL_ENABLE_DEBUG_INFO = INCLUDE_SOURCE;
				MTL_FAST_MATH = YES;
				ONLY_ACTIVE_ARCH = YES;
				SDKROOT = iphoneos;
				SWIFT_ACTIVE_COMPILATION_CONDITIONS = DEBUG;
				SWIFT_OPTIMIZATION_LEVEL = "-Onone";
			};
			name = Debug;
		};
		3181ECD828BDE9C400CBA69C /* Release */ = {
			isa = XCBuildConfiguration;
			buildSettings = {
				ALWAYS_SEARCH_USER_PATHS = NO;
				CLANG_ANALYZER_NONNULL = YES;
				CLANG_ANALYZER_NUMBER_OBJECT_CONVERSION = YES_AGGRESSIVE;
				CLANG_CXX_LANGUAGE_STANDARD = "gnu++17";
				CLANG_ENABLE_MODULES = YES;
				CLANG_ENABLE_OBJC_ARC = YES;
				CLANG_ENABLE_OBJC_WEAK = YES;
				CLANG_WARN_BLOCK_CAPTURE_AUTORELEASING = YES;
				CLANG_WARN_BOOL_CONVERSION = YES;
				CLANG_WARN_COMMA = YES;
				CLANG_WARN_CONSTANT_CONVERSION = YES;
				CLANG_WARN_DEPRECATED_OBJC_IMPLEMENTATIONS = YES;
				CLANG_WARN_DIRECT_OBJC_ISA_USAGE = YES_ERROR;
				CLANG_WARN_DOCUMENTATION_COMMENTS = YES;
				CLANG_WARN_EMPTY_BODY = YES;
				CLANG_WARN_ENUM_CONVERSION = YES;
				CLANG_WARN_INFINITE_RECURSION = YES;
				CLANG_WARN_INT_CONVERSION = YES;
				CLANG_WARN_NON_LITERAL_NULL_CONVERSION = YES;
				CLANG_WARN_OBJC_IMPLICIT_RETAIN_SELF = YES;
				CLANG_WARN_OBJC_LITERAL_CONVERSION = YES;
				CLANG_WARN_OBJC_ROOT_CLASS = YES_ERROR;
				CLANG_WARN_QUOTED_INCLUDE_IN_FRAMEWORK_HEADER = YES;
				CLANG_WARN_RANGE_LOOP_ANALYSIS = YES;
				CLANG_WARN_STRICT_PROTOTYPES = YES;
				CLANG_WARN_SUSPICIOUS_MOVE = YES;
				CLANG_WARN_UNGUARDED_AVAILABILITY = YES_AGGRESSIVE;
				CLANG_WARN_UNREACHABLE_CODE = YES;
				CLANG_WARN__DUPLICATE_METHOD_MATCH = YES;
				COPY_PHASE_STRIP = NO;
				DEBUG_INFORMATION_FORMAT = "dwarf-with-dsym";
				ENABLE_NS_ASSERTIONS = NO;
				ENABLE_STRICT_OBJC_MSGSEND = YES;
				GCC_C_LANGUAGE_STANDARD = gnu11;
				GCC_NO_COMMON_BLOCKS = YES;
				GCC_WARN_64_TO_32_BIT_CONVERSION = YES;
				GCC_WARN_ABOUT_RETURN_TYPE = YES_ERROR;
				GCC_WARN_UNDECLARED_SELECTOR = YES;
				GCC_WARN_UNINITIALIZED_AUTOS = YES_AGGRESSIVE;
				GCC_WARN_UNUSED_FUNCTION = YES;
				GCC_WARN_UNUSED_VARIABLE = YES;
				IPHONEOS_DEPLOYMENT_TARGET = 15.5;
				MTL_ENABLE_DEBUG_INFO = NO;
				MTL_FAST_MATH = YES;
				SDKROOT = iphoneos;
				SWIFT_COMPILATION_MODE = wholemodule;
				SWIFT_OPTIMIZATION_LEVEL = "-O";
				VALIDATE_PRODUCT = YES;
			};
			name = Release;
		};
		3181ECDA28BDE9C400CBA69C /* Debug */ = {
			isa = XCBuildConfiguration;
			buildSettings = {
				ASSETCATALOG_COMPILER_APPICON_NAME = AppIcon;
				ASSETCATALOG_COMPILER_GLOBAL_ACCENT_COLOR_NAME = AccentColor;
				CODE_SIGN_STYLE = Automatic;
				CURRENT_PROJECT_VERSION = 1;
				DEVELOPMENT_TEAM = 2288URTVRV;
				GENERATE_INFOPLIST_FILE = YES;
				INFOPLIST_FILE = OnboardingScreen/Info.plist;
				INFOPLIST_KEY_UIApplicationSupportsIndirectInputEvents = YES;
				INFOPLIST_KEY_UILaunchStoryboardName = LaunchScreen;
				INFOPLIST_KEY_UIMainStoryboardFile = Main;
				INFOPLIST_KEY_UISupportedInterfaceOrientations_iPad = "UIInterfaceOrientationPortrait UIInterfaceOrientationPortraitUpsideDown UIInterfaceOrientationLandscapeLeft UIInterfaceOrientationLandscapeRight";
				INFOPLIST_KEY_UISupportedInterfaceOrientations_iPhone = "UIInterfaceOrientationPortrait UIInterfaceOrientationLandscapeLeft UIInterfaceOrientationLandscapeRight";
				LD_RUNPATH_SEARCH_PATHS = (
					"$(inherited)",
					"@executable_path/Frameworks",
				);
				MARKETING_VERSION = 1.0;
				PRODUCT_BUNDLE_IDENTIFIER = com.jaweriakhan.OnboardingScreen;
				PRODUCT_NAME = "$(TARGET_NAME)";
				SWIFT_EMIT_LOC_STRINGS = YES;
				SWIFT_VERSION = 5.0;
				TARGETED_DEVICE_FAMILY = "1,2";
			};
			name = Debug;
		};
		3181ECDB28BDE9C400CBA69C /* Release */ = {
			isa = XCBuildConfiguration;
			buildSettings = {
				ASSETCATALOG_COMPILER_APPICON_NAME = AppIcon;
				ASSETCATALOG_COMPILER_GLOBAL_ACCENT_COLOR_NAME = AccentColor;
				CODE_SIGN_STYLE = Automatic;
				CURRENT_PROJECT_VERSION = 1;
				DEVELOPMENT_TEAM = 2288URTVRV;
				GENERATE_INFOPLIST_FILE = YES;
				INFOPLIST_FILE = OnboardingScreen/Info.plist;
				INFOPLIST_KEY_UIApplicationSupportsIndirectInputEvents = YES;
				INFOPLIST_KEY_UILaunchStoryboardName = LaunchScreen;
				INFOPLIST_KEY_UIMainStoryboardFile = Main;
				INFOPLIST_KEY_UISupportedInterfaceOrientations_iPad = "UIInterfaceOrientationPortrait UIInterfaceOrientationPortraitUpsideDown UIInterfaceOrientationLandscapeLeft UIInterfaceOrientationLandscapeRight";
				INFOPLIST_KEY_UISupportedInterfaceOrientations_iPhone = "UIInterfaceOrientationPortrait UIInterfaceOrientationLandscapeLeft UIInterfaceOrientationLandscapeRight";
				LD_RUNPATH_SEARCH_PATHS = (
					"$(inherited)",
					"@executable_path/Frameworks",
				);
				MARKETING_VERSION = 1.0;
				PRODUCT_BUNDLE_IDENTIFIER = com.jaweriakhan.OnboardingScreen;
				PRODUCT_NAME = "$(TARGET_NAME)";
				SWIFT_EMIT_LOC_STRINGS = YES;
				SWIFT_VERSION = 5.0;
				TARGETED_DEVICE_FAMILY = "1,2";
			};
			name = Release;
		};
/* End XCBuildConfiguration section */

/* Begin XCConfigurationList section */
		3181ECBD28BDE9C000CBA69C /* Build configuration list for PBXProject "OnboardingScreen" */ = {
			isa = XCConfigurationList;
			buildConfigurations = (
				3181ECD728BDE9C400CBA69C /* Debug */,
				3181ECD828BDE9C400CBA69C /* Release */,
			);
			defaultConfigurationIsVisible = 0;
			defaultConfigurationName = Release;
		};
		3181ECD928BDE9C400CBA69C /* Build configuration list for PBXNativeTarget "OnboardingScreen" */ = {
			isa = XCConfigurationList;
			buildConfigurations = (
				3181ECDA28BDE9C400CBA69C /* Debug */,
				3181ECDB28BDE9C400CBA69C /* Release */,
			);
			defaultConfigurationIsVisible = 0;
			defaultConfigurationName = Release;
		};
/* End XCConfigurationList section */

/* Begin XCVersionGroup section */
		3181ECCE28BDE9C000CBA69C /* OnboardingScreen.xcdatamodeld */ = {
			isa = XCVersionGroup;
			children = (
				3181ECCF28BDE9C000CBA69C /* OnboardingScreen.xcdatamodel */,
			);
			currentVersion = 3181ECCF28BDE9C000CBA69C /* OnboardingScreen.xcdatamodel */;
			path = OnboardingScreen.xcdatamodeld;
			sourceTree = "<group>";
			versionGroupType = wrapper.xcdatamodel;
		};
/* End XCVersionGroup section */
	};
	rootObject = 3181ECBA28BDE9C000CBA69C /* Project object */;
}
