// !$*UTF8*$!
{
	archiveVersion = 1;
	classes = {
	};
	objectVersion = 55;
	objects = {

/* Begin PBXBuildFile section */
		31034AC328AA7054004DC704 /* AppDelegate.swift in Sources */ = {isa = PBXBuildFile; fileRef = 31034AC228AA7054004DC704 /* AppDelegate.swift */; };
		31034AC528AA7054004DC704 /* SceneDelegate.swift in Sources */ = {isa = PBXBuildFile; fileRef = 31034AC428AA7054004DC704 /* SceneDelegate.swift */; };
		31034AC728AA7054004DC704 /* ViewController.swift in Sources */ = {isa = PBXBuildFile; fileRef = 31034AC628AA7054004DC704 /* ViewController.swift */; };
		31034ACA28AA7054004DC704 /* Main.storyboard in Resources */ = {isa = PBXBuildFile; fileRef = 31034AC828AA7054004DC704 /* Main.storyboard */; };
		31034ACD28AA7054004DC704 /* SideMenuSample.xcdatamodeld in Sources */ = {isa = PBXBuildFile; fileRef = 31034ACB28AA7054004DC704 /* SideMenuSample.xcdatamodeld */; };
		31034ACF28AA7058004DC704 /* Assets.xcassets in Resources */ = {isa = PBXBuildFile; fileRef = 31034ACE28AA7058004DC704 /* Assets.xcassets */; };
		31034AD228AA7058004DC704 /* LaunchScreen.storyboard in Resources */ = {isa = PBXBuildFile; fileRef = 31034AD028AA7058004DC704 /* LaunchScreen.storyboard */; };
		317AB5B328ABD514000556DE /* backgroundImage.jpeg in Resources */ = {isa = PBXBuildFile; fileRef = 317AB5B228ABD514000556DE /* backgroundImage.jpeg */; };
		317AB5B528ABD67A000556DE /* EllipticalTrainer_machine.png in Resources */ = {isa = PBXBuildFile; fileRef = 317AB5B428ABD679000556DE /* EllipticalTrainer_machine.png */; };
		317AB5B728ABD862000556DE /* treadMill.jpeg in Resources */ = {isa = PBXBuildFile; fileRef = 317AB5B628ABD862000556DE /* treadMill.jpeg */; };
		317AB5B928AC19CD000556DE /* EllipticleViewController.swift in Sources */ = {isa = PBXBuildFile; fileRef = 317AB5B828AC19CD000556DE /* EllipticleViewController.swift */; };
		317AB5BB28AC1CE8000556DE /* CycleSpinViewController.swift in Sources */ = {isa = PBXBuildFile; fileRef = 317AB5BA28AC1CE8000556DE /* CycleSpinViewController.swift */; };
/* End PBXBuildFile section */

/* Begin PBXFileReference section */
		31034ABF28AA7054004DC704 /* SideMenuSample.app */ = {isa = PBXFileReference; explicitFileType = wrapper.application; includeInIndex = 0; path = SideMenuSample.app; sourceTree = BUILT_PRODUCTS_DIR; };
		31034AC228AA7054004DC704 /* AppDelegate.swift */ = {isa = PBXFileReference; lastKnownFileType = sourcecode.swift; path = AppDelegate.swift; sourceTree = "<group>"; };
		31034AC428AA7054004DC704 /* SceneDelegate.swift */ = {isa = PBXFileReference; lastKnownFileType = sourcecode.swift; path = SceneDelegate.swift; sourceTree = "<group>"; };
		31034AC628AA7054004DC704 /* ViewController.swift */ = {isa = PBXFileReference; lastKnownFileType = sourcecode.swift; path = ViewController.swift; sourceTree = "<group>"; };
		31034AC928AA7054004DC704 /* Base */ = {isa = PBXFileReference; lastKnownFileType = file.storyboard; name = Base; path = Base.lproj/Main.storyboard; sourceTree = "<group>"; };
		31034ACC28AA7054004DC704 /* SideMenuSample.xcdatamodel */ = {isa = PBXFileReference; lastKnownFileType = wrapper.xcdatamodel; path = SideMenuSample.xcdatamodel; sourceTree = "<group>"; };
		31034ACE28AA7058004DC704 /* Assets.xcassets */ = {isa = PBXFileReference; lastKnownFileType = folder.assetcatalog; path = Assets.xcassets; sourceTree = "<group>"; };
		31034AD128AA7058004DC704 /* Base */ = {isa = PBXFileReference; lastKnownFileType = file.storyboard; name = Base; path = Base.lproj/LaunchScreen.storyboard; sourceTree = "<group>"; };
		31034AD328AA7058004DC704 /* Info.plist */ = {isa = PBXFileReference; lastKnownFileType = text.plist.xml; path = Info.plist; sourceTree = "<group>"; };
		317AB5AE28ABC89E000556DE /* rowring_machine.webp */ = {isa = PBXFileReference; lastKnownFileType = file; path = rowring_machine.webp; sourceTree = "<group>"; };
		317AB5AF28ABC8AE000556DE /* treadmill_machine.webp */ = {isa = PBXFileReference; lastKnownFileType = file; path = treadmill_machine.webp; sourceTree = "<group>"; };
		317AB5B228ABD514000556DE /* backgroundImage.jpeg */ = {isa = PBXFileReference; lastKnownFileType = image.jpeg; name = backgroundImage.jpeg; path = ../../../../../Desktop/backgroundImage.jpeg; sourceTree = "<group>"; };
		317AB5B428ABD679000556DE /* EllipticalTrainer_machine.png */ = {isa = PBXFileReference; lastKnownFileType = image.png; path = EllipticalTrainer_machine.png; sourceTree = "<group>"; };
		317AB5B628ABD862000556DE /* treadMill.jpeg */ = {isa = PBXFileReference; lastKnownFileType = image.jpeg; path = treadMill.jpeg; sourceTree = "<group>"; };
		317AB5B828AC19CD000556DE /* EllipticleViewController.swift */ = {isa = PBXFileReference; lastKnownFileType = sourcecode.swift; path = EllipticleViewController.swift; sourceTree = "<group>"; };
		317AB5BA28AC1CE8000556DE /* CycleSpinViewController.swift */ = {isa = PBXFileReference; lastKnownFileType = sourcecode.swift; path = CycleSpinViewController.swift; sourceTree = "<group>"; };
/* End PBXFileReference section */

/* Begin PBXFrameworksBuildPhase section */
		31034ABC28AA7054004DC704 /* Frameworks */ = {
			isa = PBXFrameworksBuildPhase;
			buildActionMask = 2147483647;
			files = (
			);
			runOnlyForDeploymentPostprocessing = 0;
		};
/* End PBXFrameworksBuildPhase section */

/* Begin PBXGroup section */
		31034AB628AA7054004DC704 = {
			isa = PBXGroup;
			children = (
				31034AC128AA7054004DC704 /* SideMenuSample */,
				31034AC028AA7054004DC704 /* Products */,
			);
			sourceTree = "<group>";
		};
		31034AC028AA7054004DC704 /* Products */ = {
			isa = PBXGroup;
			children = (
				31034ABF28AA7054004DC704 /* SideMenuSample.app */,
			);
			name = Products;
			sourceTree = "<group>";
		};
		31034AC128AA7054004DC704 /* SideMenuSample */ = {
			isa = PBXGroup;
			children = (
				31034AC228AA7054004DC704 /* AppDelegate.swift */,
				31034AC428AA7054004DC704 /* SceneDelegate.swift */,
				31034AC628AA7054004DC704 /* ViewController.swift */,
				317AB5BA28AC1CE8000556DE /* CycleSpinViewController.swift */,
				317AB5B828AC19CD000556DE /* EllipticleViewController.swift */,
				31034AC828AA7054004DC704 /* Main.storyboard */,
				31034ACE28AA7058004DC704 /* Assets.xcassets */,
				31034AD028AA7058004DC704 /* LaunchScreen.storyboard */,
				31034AD328AA7058004DC704 /* Info.plist */,
				31034ACB28AA7054004DC704 /* SideMenuSample.xcdatamodeld */,
				317AB5AE28ABC89E000556DE /* rowring_machine.webp */,
				317AB5AF28ABC8AE000556DE /* treadmill_machine.webp */,
				317AB5B228ABD514000556DE /* backgroundImage.jpeg */,
				317AB5B428ABD679000556DE /* EllipticalTrainer_machine.png */,
				317AB5B628ABD862000556DE /* treadMill.jpeg */,
			);
			path = SideMenuSample;
			sourceTree = "<group>";
		};
/* End PBXGroup section */

/* Begin PBXNativeTarget section */
		31034ABE28AA7054004DC704 /* SideMenuSample */ = {
			isa = PBXNativeTarget;
			buildConfigurationList = 31034AD628AA7058004DC704 /* Build configuration list for PBXNativeTarget "SideMenuSample" */;
			buildPhases = (
				31034ABB28AA7054004DC704 /* Sources */,
				31034ABC28AA7054004DC704 /* Frameworks */,
				31034ABD28AA7054004DC704 /* Resources */,
			);
			buildRules = (
			);
			dependencies = (
			);
			name = SideMenuSample;
			productName = SideMenuSample;
			productReference = 31034ABF28AA7054004DC704 /* SideMenuSample.app */;
			productType = "com.apple.product-type.application";
		};
/* End PBXNativeTarget section */

/* Begin PBXProject section */
		31034AB728AA7054004DC704 /* Project object */ = {
			isa = PBXProject;
			attributes = {
				BuildIndependentTargetsInParallel = 1;
				LastSwiftUpdateCheck = 1340;
				LastUpgradeCheck = 1340;
				TargetAttributes = {
					31034ABE28AA7054004DC704 = {
						CreatedOnToolsVersion = 13.4.1;
					};
				};
			};
			buildConfigurationList = 31034ABA28AA7054004DC704 /* Build configuration list for PBXProject "SideMenuSample" */;
			compatibilityVersion = "Xcode 13.0";
			developmentRegion = en;
			hasScannedForEncodings = 0;
			knownRegions = (
				en,
				Base,
			);
			mainGroup = 31034AB628AA7054004DC704;
			productRefGroup = 31034AC028AA7054004DC704 /* Products */;
			projectDirPath = "";
			projectRoot = "";
			targets = (
				31034ABE28AA7054004DC704 /* SideMenuSample */,
			);
		};
/* End PBXProject section */

/* Begin PBXResourcesBuildPhase section */
		31034ABD28AA7054004DC704 /* Resources */ = {
			isa = PBXResourcesBuildPhase;
			buildActionMask = 2147483647;
			files = (
				317AB5B528ABD67A000556DE /* EllipticalTrainer_machine.png in Resources */,
				31034AD228AA7058004DC704 /* LaunchScreen.storyboard in Resources */,
				317AB5B328ABD514000556DE /* backgroundImage.jpeg in Resources */,
				31034ACF28AA7058004DC704 /* Assets.xcassets in Resources */,
				317AB5B728ABD862000556DE /* treadMill.jpeg in Resources */,
				31034ACA28AA7054004DC704 /* Main.storyboard in Resources */,
			);
			runOnlyForDeploymentPostprocessing = 0;
		};
/* End PBXResourcesBuildPhase section */

/* Begin PBXSourcesBuildPhase section */
		31034ABB28AA7054004DC704 /* Sources */ = {
			isa = PBXSourcesBuildPhase;
			buildActionMask = 2147483647;
			files = (
				31034AC728AA7054004DC704 /* ViewController.swift in Sources */,
				31034AC328AA7054004DC704 /* AppDelegate.swift in Sources */,
				31034AC528AA7054004DC704 /* SceneDelegate.swift in Sources */,
				317AB5B928AC19CD000556DE /* EllipticleViewController.swift in Sources */,
				31034ACD28AA7054004DC704 /* SideMenuSample.xcdatamodeld in Sources */,
				317AB5BB28AC1CE8000556DE /* CycleSpinViewController.swift in Sources */,
			);
			runOnlyForDeploymentPostprocessing = 0;
		};
/* End PBXSourcesBuildPhase section */

/* Begin PBXVariantGroup section */
		31034AC828AA7054004DC704 /* Main.storyboard */ = {
			isa = PBXVariantGroup;
			children = (
				31034AC928AA7054004DC704 /* Base */,
			);
			name = Main.storyboard;
			sourceTree = "<group>";
		};
		31034AD028AA7058004DC704 /* LaunchScreen.storyboard */ = {
			isa = PBXVariantGroup;
			children = (
				31034AD128AA7058004DC704 /* Base */,
			);
			name = LaunchScreen.storyboard;
			sourceTree = "<group>";
		};
/* End PBXVariantGroup section */

/* Begin XCBuildConfiguration section */
		31034AD428AA7058004DC704 /* Debug */ = {
			isa = XCBuildConfiguration;
			buildSettings = {
				ALWAYS_SEARCH_USER_PATHS = NO;
				CLANG_ANALYZER_NONNULL = YES;
				CLANG_ANALYZER_NUMBER_OBJECT_CONVERSION = YES_AGGRESSIVE;
				CLANG_CXX_LANGUAGE_STANDARD = "gnu++17";
				CLANG_ENABLE_MODULES = YES;
				CLANG_ENABLE_OBJC_ARC = YES;
				CLANG_ENABLE_OBJC_WEAK = YES;
				CLANG_WARN_BLOCK_CAPTURE_AUTORELEASING = YES;
				CLANG_WARN_BOOL_CONVERSION = YES;
				CLANG_WARN_COMMA = YES;
				CLANG_WARN_CONSTANT_CONVERSION = YES;
				CLANG_WARN_DEPRECATED_OBJC_IMPLEMENTATIONS = YES;
				CLANG_WARN_DIRECT_OBJC_ISA_USAGE = YES_ERROR;
				CLANG_WARN_DOCUMENTATION_COMMENTS = YES;
				CLANG_WARN_EMPTY_BODY = YES;
				CLANG_WARN_ENUM_CONVERSION = YES;
				CLANG_WARN_INFINITE_RECURSION = YES;
				CLANG_WARN_INT_CONVERSION = YES;
				CLANG_WARN_NON_LITERAL_NULL_CONVERSION = YES;
				CLANG_WARN_OBJC_IMPLICIT_RETAIN_SELF = YES;
				CLANG_WARN_OBJC_LITERAL_CONVERSION = YES;
				CLANG_WARN_OBJC_ROOT_CLASS = YES_ERROR;
				CLANG_WARN_QUOTED_INCLUDE_IN_FRAMEWORK_HEADER = YES;
				CLANG_WARN_RANGE_LOOP_ANALYSIS = YES;
				CLANG_WARN_STRICT_PROTOTYPES = YES;
				CLANG_WARN_SUSPICIOUS_MOVE = YES;
				CLANG_WARN_UNGUARDED_AVAILABILITY = YES_AGGRESSIVE;
				CLANG_WARN_UNREACHABLE_CODE = YES;
				CLANG_WARN__DUPLICATE_METHOD_MATCH = YES;
				COPY_PHASE_STRIP = NO;
				DEBUG_INFORMATION_FORMAT = dwarf;
				ENABLE_STRICT_OBJC_MSGSEND = YES;
				ENABLE_TESTABILITY = YES;
				GCC_C_LANGUAGE_STANDARD = gnu11;
				GCC_DYNAMIC_NO_PIC = NO;
				GCC_NO_COMMON_BLOCKS = YES;
				GCC_OPTIMIZATION_LEVEL = 0;
				GCC_PREPROCESSOR_DEFINITIONS = (
					"DEBUG=1",
					"$(inherited)",
				);
				GCC_WARN_64_TO_32_BIT_CONVERSION = YES;
				GCC_WARN_ABOUT_RETURN_TYPE = YES_ERROR;
				GCC_WARN_UNDECLARED_SELECTOR = YES;
				GCC_WARN_UNINITIALIZED_AUTOS = YES_AGGRESSIVE;
				GCC_WARN_UNUSED_FUNCTION = YES;
				GCC_WARN_UNUSED_VARIABLE = YES;
				IPHONEOS_DEPLOYMENT_TARGET = 15.5;
				MTL_ENABLE_DEBUG_INFO = INCLUDE_SOURCE;
				MTL_FAST_MATH = YES;
				ONLY_ACTIVE_ARCH = YES;
				SDKROOT = iphoneos;
				SWIFT_ACTIVE_COMPILATION_CONDITIONS = DEBUG;
				SWIFT_OPTIMIZATION_LEVEL = "-Onone";
			};
			name = Debug;
		};
		31034AD528AA7058004DC704 /* Release */ = {
			isa = XCBuildConfiguration;
			buildSettings = {
				ALWAYS_SEARCH_USER_PATHS = NO;
				CLANG_ANALYZER_NONNULL = YES;
				CLANG_ANALYZER_NUMBER_OBJECT_CONVERSION = YES_AGGRESSIVE;
				CLANG_CXX_LANGUAGE_STANDARD = "gnu++17";
				CLANG_ENABLE_MODULES = YES;
				CLANG_ENABLE_OBJC_ARC = YES;
				CLANG_ENABLE_OBJC_WEAK = YES;
				CLANG_WARN_BLOCK_CAPTURE_AUTORELEASING = YES;
				CLANG_WARN_BOOL_CONVERSION = YES;
				CLANG_WARN_COMMA = YES;
				CLANG_WARN_CONSTANT_CONVERSION = YES;
				CLANG_WARN_DEPRECATED_OBJC_IMPLEMENTATIONS = YES;
				CLANG_WARN_DIRECT_OBJC_ISA_USAGE = YES_ERROR;
				CLANG_WARN_DOCUMENTATION_COMMENTS = YES;
				CLANG_WARN_EMPTY_BODY = YES;
				CLANG_WARN_ENUM_CONVERSION = YES;
				CLANG_WARN_INFINITE_RECURSION = YES;
				CLANG_WARN_INT_CONVERSION = YES;
				CLANG_WARN_NON_LITERAL_NULL_CONVERSION = YES;
				CLANG_WARN_OBJC_IMPLICIT_RETAIN_SELF = YES;
				CLANG_WARN_OBJC_LITERAL_CONVERSION = YES;
				CLANG_WARN_OBJC_ROOT_CLASS = YES_ERROR;
				CLANG_WARN_QUOTED_INCLUDE_IN_FRAMEWORK_HEADER = YES;
				CLANG_WARN_RANGE_LOOP_ANALYSIS = YES;
				CLANG_WARN_STRICT_PROTOTYPES = YES;
				CLANG_WARN_SUSPICIOUS_MOVE = YES;
				CLANG_WARN_UNGUARDED_AVAILABILITY = YES_AGGRESSIVE;
				CLANG_WARN_UNREACHABLE_CODE = YES;
				CLANG_WARN__DUPLICATE_METHOD_MATCH = YES;
				COPY_PHASE_STRIP = NO;
				DEBUG_INFORMATION_FORMAT = "dwarf-with-dsym";
				ENABLE_NS_ASSERTIONS = NO;
				ENABLE_STRICT_OBJC_MSGSEND = YES;
				GCC_C_LANGUAGE_STANDARD = gnu11;
				GCC_NO_COMMON_BLOCKS = YES;
				GCC_WARN_64_TO_32_BIT_CONVERSION = YES;
				GCC_WARN_ABOUT_RETURN_TYPE = YES_ERROR;
				GCC_WARN_UNDECLARED_SELECTOR = YES;
				GCC_WARN_UNINITIALIZED_AUTOS = YES_AGGRESSIVE;
				GCC_WARN_UNUSED_FUNCTION = YES;
				GCC_WARN_UNUSED_VARIABLE = YES;
				IPHONEOS_DEPLOYMENT_TARGET = 15.5;
				MTL_ENABLE_DEBUG_INFO = NO;
				MTL_FAST_MATH = YES;
				SDKROOT = iphoneos;
				SWIFT_COMPILATION_MODE = wholemodule;
				SWIFT_OPTIMIZATION_LEVEL = "-O";
				VALIDATE_PRODUCT = YES;
			};
			name = Release;
		};
		31034AD728AA7058004DC704 /* Debug */ = {
			isa = XCBuildConfiguration;
			buildSettings = {
				ASSETCATALOG_COMPILER_APPICON_NAME = AppIcon;
				ASSETCATALOG_COMPILER_GLOBAL_ACCENT_COLOR_NAME = AccentColor;
				CODE_SIGN_STYLE = Automatic;
				CURRENT_PROJECT_VERSION = 1;
				DEVELOPMENT_TEAM = 2288URTVRV;
				GENERATE_INFOPLIST_FILE = YES;
				INFOPLIST_FILE = SideMenuSample/Info.plist;
				INFOPLIST_KEY_UIApplicationSupportsIndirectInputEvents = YES;
				INFOPLIST_KEY_UILaunchStoryboardName = LaunchScreen;
				INFOPLIST_KEY_UIMainStoryboardFile = Main;
				INFOPLIST_KEY_UISupportedInterfaceOrientations_iPad = "UIInterfaceOrientationPortrait UIInterfaceOrientationPortraitUpsideDown UIInterfaceOrientationLandscapeLeft UIInterfaceOrientationLandscapeRight";
				INFOPLIST_KEY_UISupportedInterfaceOrientations_iPhone = "UIInterfaceOrientationPortrait UIInterfaceOrientationLandscapeLeft UIInterfaceOrientationLandscapeRight";
				LD_RUNPATH_SEARCH_PATHS = (
					"$(inherited)",
					"@executable_path/Frameworks",
				);
				MARKETING_VERSION = 1.0;
				PRODUCT_BUNDLE_IDENTIFIER = com.jaweriakhan.SideMenuSample;
				PRODUCT_NAME = "$(TARGET_NAME)";
				SWIFT_EMIT_LOC_STRINGS = YES;
				SWIFT_VERSION = 5.0;
				TARGETED_DEVICE_FAMILY = "1,2";
			};
			name = Debug;
		};
		31034AD828AA7058004DC704 /* Release */ = {
			isa = XCBuildConfiguration;
			buildSettings = {
				ASSETCATALOG_COMPILER_APPICON_NAME = AppIcon;
				ASSETCATALOG_COMPILER_GLOBAL_ACCENT_COLOR_NAME = AccentColor;
				CODE_SIGN_STYLE = Automatic;
				CURRENT_PROJECT_VERSION = 1;
				DEVELOPMENT_TEAM = 2288URTVRV;
				GENERATE_INFOPLIST_FILE = YES;
				INFOPLIST_FILE = SideMenuSample/Info.plist;
				INFOPLIST_KEY_UIApplicationSupportsIndirectInputEvents = YES;
				INFOPLIST_KEY_UILaunchStoryboardName = LaunchScreen;
				INFOPLIST_KEY_UIMainStoryboardFile = Main;
				INFOPLIST_KEY_UISupportedInterfaceOrientations_iPad = "UIInterfaceOrientationPortrait UIInterfaceOrientationPortraitUpsideDown UIInterfaceOrientationLandscapeLeft UIInterfaceOrientationLandscapeRight";
				INFOPLIST_KEY_UISupportedInterfaceOrientations_iPhone = "UIInterfaceOrientationPortrait UIInterfaceOrientationLandscapeLeft UIInterfaceOrientationLandscapeRight";
				LD_RUNPATH_SEARCH_PATHS = (
					"$(inherited)",
					"@executable_path/Frameworks",
				);
				MARKETING_VERSION = 1.0;
				PRODUCT_BUNDLE_IDENTIFIER = com.jaweriakhan.SideMenuSample;
				PRODUCT_NAME = "$(TARGET_NAME)";
				SWIFT_EMIT_LOC_STRINGS = YES;
				SWIFT_VERSION = 5.0;
				TARGETED_DEVICE_FAMILY = "1,2";
			};
			name = Release;
		};
/* End XCBuildConfiguration section */

/* Begin XCConfigurationList section */
		31034ABA28AA7054004DC704 /* Build configuration list for PBXProject "SideMenuSample" */ = {
			isa = XCConfigurationList;
			buildConfigurations = (
				31034AD428AA7058004DC704 /* Debug */,
				31034AD528AA7058004DC704 /* Release */,
			);
			defaultConfigurationIsVisible = 0;
			defaultConfigurationName = Release;
		};
		31034AD628AA7058004DC704 /* Build configuration list for PBXNativeTarget "SideMenuSample" */ = {
			isa = XCConfigurationList;
			buildConfigurations = (
				31034AD728AA7058004DC704 /* Debug */,
				31034AD828AA7058004DC704 /* Release */,
			);
			defaultConfigurationIsVisible = 0;
			defaultConfigurationName = Release;
		};
/* End XCConfigurationList section */

/* Begin XCVersionGroup section */
		31034ACB28AA7054004DC704 /* SideMenuSample.xcdatamodeld */ = {
			isa = XCVersionGroup;
			children = (
				31034ACC28AA7054004DC704 /* SideMenuSample.xcdatamodel */,
			);
			currentVersion = 31034ACC28AA7054004DC704 /* SideMenuSample.xcdatamodel */;
			path = SideMenuSample.xcdatamodeld;
			sourceTree = "<group>";
			versionGroupType = wrapper.xcdatamodel;
		};
/* End XCVersionGroup section */
	};
	rootObject = 31034AB728AA7054004DC704 /* Project object */;
}
